// !$*UTF8*$!
{
	archiveVersion = 1;
	classes = {
	};
	objectVersion = 50;
	objects = {

/* Begin PBXBuildFile section */
		B08B8CBF26437A3F003069AB /* ExampleViewController.swift in Sources */ = {isa = PBXBuildFile; fileRef = B08B8CBE26437A3F003069AB /* ExampleViewController.swift */; };
		B08B8CC226438BF1003069AB /* PokeApiViewController.swift in Sources */ = {isa = PBXBuildFile; fileRef = B08B8CC126438BF0003069AB /* PokeApiViewController.swift */; };
		B08B8CC526438BFC003069AB /* Pokedex.swift in Sources */ = {isa = PBXBuildFile; fileRef = B08B8CC426438BFC003069AB /* Pokedex.swift */; };
		B08B8CC826438C70003069AB /* ListPokemon.swift in Sources */ = {isa = PBXBuildFile; fileRef = B08B8CC726438C70003069AB /* ListPokemon.swift */; };
		B08B8CCC26438CFC003069AB /* ViewModelPokemon.swift in Sources */ = {isa = PBXBuildFile; fileRef = B08B8CCB26438CFC003069AB /* ViewModelPokemon.swift */; };
		B0D4A45D2643673F00E32486 /* AppDelegate.swift in Sources */ = {isa = PBXBuildFile; fileRef = B0D4A45C2643673F00E32486 /* AppDelegate.swift */; };
		B0D4A45F2643673F00E32486 /* SceneDelegate.swift in Sources */ = {isa = PBXBuildFile; fileRef = B0D4A45E2643673F00E32486 /* SceneDelegate.swift */; };
		B0D4A4612643673F00E32486 /* ViewController.swift in Sources */ = {isa = PBXBuildFile; fileRef = B0D4A4602643673F00E32486 /* ViewController.swift */; };
		B0D4A4642643673F00E32486 /* Main.storyboard in Resources */ = {isa = PBXBuildFile; fileRef = B0D4A4622643673F00E32486 /* Main.storyboard */; };
		B0D4A4662643674100E32486 /* Assets.xcassets in Resources */ = {isa = PBXBuildFile; fileRef = B0D4A4652643674100E32486 /* Assets.xcassets */; };
		B0D4A4692643674100E32486 /* LaunchScreen.storyboard in Resources */ = {isa = PBXBuildFile; fileRef = B0D4A4672643674100E32486 /* LaunchScreen.storyboard */; };
/* End PBXBuildFile section */

/* Begin PBXFileReference section */
		B08B8CBE26437A3F003069AB /* ExampleViewController.swift */ = {isa = PBXFileReference; lastKnownFileType = sourcecode.swift; path = ExampleViewController.swift; sourceTree = "<group>"; };
		B08B8CC126438BF0003069AB /* PokeApiViewController.swift */ = {isa = PBXFileReference; lastKnownFileType = sourcecode.swift; path = PokeApiViewController.swift; sourceTree = "<group>"; };
		B08B8CC426438BFC003069AB /* Pokedex.swift */ = {isa = PBXFileReference; lastKnownFileType = sourcecode.swift; path = Pokedex.swift; sourceTree = "<group>"; };
		B08B8CC726438C70003069AB /* ListPokemon.swift */ = {isa = PBXFileReference; lastKnownFileType = sourcecode.swift; path = ListPokemon.swift; sourceTree = "<group>"; };
		B08B8CCB26438CFC003069AB /* ViewModelPokemon.swift */ = {isa = PBXFileReference; lastKnownFileType = sourcecode.swift; path = ViewModelPokemon.swift; sourceTree = "<group>"; };
		B0D4A4592643673F00E32486 /* test9.app */ = {isa = PBXFileReference; explicitFileType = wrapper.application; includeInIndex = 0; path = test9.app; sourceTree = BUILT_PRODUCTS_DIR; };
		B0D4A45C2643673F00E32486 /* AppDelegate.swift */ = {isa = PBXFileReference; lastKnownFileType = sourcecode.swift; path = AppDelegate.swift; sourceTree = "<group>"; };
		B0D4A45E2643673F00E32486 /* SceneDelegate.swift */ = {isa = PBXFileReference; lastKnownFileType = sourcecode.swift; path = SceneDelegate.swift; sourceTree = "<group>"; };
		B0D4A4602643673F00E32486 /* ViewController.swift */ = {isa = PBXFileReference; lastKnownFileType = sourcecode.swift; path = ViewController.swift; sourceTree = "<group>"; };
		B0D4A4632643673F00E32486 /* Base */ = {isa = PBXFileReference; lastKnownFileType = file.storyboard; name = Base; path = Base.lproj/Main.storyboard; sourceTree = "<group>"; };
		B0D4A4652643674100E32486 /* Assets.xcassets */ = {isa = PBXFileReference; lastKnownFileType = folder.assetcatalog; path = Assets.xcassets; sourceTree = "<group>"; };
		B0D4A4682643674100E32486 /* Base */ = {isa = PBXFileReference; lastKnownFileType = file.storyboard; name = Base; path = Base.lproj/LaunchScreen.storyboard; sourceTree = "<group>"; };
		B0D4A46A2643674100E32486 /* Info.plist */ = {isa = PBXFileReference; lastKnownFileType = text.plist.xml; path = Info.plist; sourceTree = "<group>"; };
/* End PBXFileReference section */

/* Begin PBXFrameworksBuildPhase section */
		B0D4A4562643673F00E32486 /* Frameworks */ = {
			isa = PBXFrameworksBuildPhase;
			buildActionMask = 2147483647;
			files = (
			);
			runOnlyForDeploymentPostprocessing = 0;
		};
/* End PBXFrameworksBuildPhase section */

/* Begin PBXGroup section */
		B08C7379264397E5003C76E1 /* Main */ = {
			isa = PBXGroup;
			children = (
				B08C737A264397EC003C76E1 /* ViewModel */,
				B08C737B264397F4003C76E1 /* Model */,
				B08C737C264397FA003C76E1 /* View */,
				B08C738126439911003C76E1 /* Application */,
				B08C738026439907003C76E1 /* Screens */,
				B08C738226439918003C76E1 /* Resources */,
			);
			path = Main;
			sourceTree = "<group>";
		};
		B08C737A264397EC003C76E1 /* ViewModel */ = {
			isa = PBXGroup;
			children = (
				B08B8CCB26438CFC003069AB /* ViewModelPokemon.swift */,
			);
			path = ViewModel;
			sourceTree = "<group>";
		};
		B08C737B264397F4003C76E1 /* Model */ = {
			isa = PBXGroup;
			children = (
				B08B8CC426438BFC003069AB /* Pokedex.swift */,
				B08B8CC726438C70003069AB /* ListPokemon.swift */,
			);
			path = Model;
			sourceTree = "<group>";
		};
		B08C737C264397FA003C76E1 /* View */ = {
			isa = PBXGroup;
			children = (
				B08B8CC126438BF0003069AB /* PokeApiViewController.swift */,
			);
			path = View;
			sourceTree = "<group>";
		};
		B08C738026439907003C76E1 /* Screens */ = {
			isa = PBXGroup;
			children = (
				B0D4A4622643673F00E32486 /* Main.storyboard */,
			);
			path = Screens;
			sourceTree = "<group>";
		};
		B08C738126439911003C76E1 /* Application */ = {
			isa = PBXGroup;
			children = (
				B0D4A45C2643673F00E32486 /* AppDelegate.swift */,
				B0D4A45E2643673F00E32486 /* SceneDelegate.swift */,
			);
			path = Application;
			sourceTree = "<group>";
		};
		B08C738226439918003C76E1 /* Resources */ = {
			isa = PBXGroup;
			children = (
				B0D4A4652643674100E32486 /* Assets.xcassets */,
			);
			path = Resources;
			sourceTree = "<group>";
		};
		B0D4A4502643673F00E32486 = {
			isa = PBXGroup;
			children = (
				B0D4A45B2643673F00E32486 /* test9 */,
				B0D4A45A2643673F00E32486 /* Products */,
			);
			sourceTree = "<group>";
		};
		B0D4A45A2643673F00E32486 /* Products */ = {
			isa = PBXGroup;
			children = (
				B0D4A4592643673F00E32486 /* test9.app */,
			);
			name = Products;
			sourceTree = "<group>";
		};
		B0D4A45B2643673F00E32486 /* test9 */ = {
			isa = PBXGroup;
			children = (
				B08C7379264397E5003C76E1 /* Main */,
				B0D4A4672643674100E32486 /* LaunchScreen.storyboard */,
				B0D4A46A2643674100E32486 /* Info.plist */,
				B0D4A4602643673F00E32486 /* ViewController.swift */,
				B08B8CBE26437A3F003069AB /* ExampleViewController.swift */,
			);
			path = test9;
			sourceTree = "<group>";
		};
/* End PBXGroup section */

/* Begin PBXNativeTarget section */
		B0D4A4582643673F00E32486 /* test9 */ = {
			isa = PBXNativeTarget;
			buildConfigurationList = B0D4A46D2643674100E32486 /* Build configuration list for PBXNativeTarget "test9" */;
			buildPhases = (
				B0D4A4552643673F00E32486 /* Sources */,
				B0D4A4562643673F00E32486 /* Frameworks */,
				B0D4A4572643673F00E32486 /* Resources */,
			);
			buildRules = (
			);
			dependencies = (
			);
			name = test9;
			productName = test9;
			productReference = B0D4A4592643673F00E32486 /* test9.app */;
			productType = "com.apple.product-type.application";
		};
/* End PBXNativeTarget section */

/* Begin PBXProject section */
		B0D4A4512643673F00E32486 /* Project object */ = {
			isa = PBXProject;
			attributes = {
				LastSwiftUpdateCheck = 1240;
				LastUpgradeCheck = 1240;
				TargetAttributes = {
					B0D4A4582643673F00E32486 = {
						CreatedOnToolsVersion = 12.4;
					};
				};
			};
			buildConfigurationList = B0D4A4542643673F00E32486 /* Build configuration list for PBXProject "test9" */;
			compatibilityVersion = "Xcode 9.3";
			developmentRegion = en;
			hasScannedForEncodings = 0;
			knownRegions = (
				en,
				Base,
			);
			mainGroup = B0D4A4502643673F00E32486;
			productRefGroup = B0D4A45A2643673F00E32486 /* Products */;
			projectDirPath = "";
			projectRoot = "";
			targets = (
				B0D4A4582643673F00E32486 /* test9 */,
			);
		};
/* End PBXProject section */

/* Begin PBXResourcesBuildPhase section */
		B0D4A4572643673F00E32486 /* Resources */ = {
			isa = PBXResourcesBuildPhase;
			buildActionMask = 2147483647;
			files = (
				B0D4A4692643674100E32486 /* LaunchScreen.storyboard in Resources */,
				B0D4A4662643674100E32486 /* Assets.xcassets in Resources */,
				B0D4A4642643673F00E32486 /* Main.storyboard in Resources */,
			);
			runOnlyForDeploymentPostprocessing = 0;
		};
/* End PBXResourcesBuildPhase section */

/* Begin PBXSourcesBuildPhase section */
		B0D4A4552643673F00E32486 /* Sources */ = {
			isa = PBXSourcesBuildPhase;
			buildActionMask = 2147483647;
			files = (
				B08B8CC826438C70003069AB /* ListPokemon.swift in Sources */,
				B0D4A4612643673F00E32486 /* ViewController.swift in Sources */,
				B08B8CBF26437A3F003069AB /* ExampleViewController.swift in Sources */,
				B0D4A45D2643673F00E32486 /* AppDelegate.swift in Sources */,
				B08B8CC226438BF1003069AB /* PokeApiViewController.swift in Sources */,
				B0D4A45F2643673F00E32486 /* SceneDelegate.swift in Sources */,
				B08B8CCC26438CFC003069AB /* ViewModelPokemon.swift in Sources */,
				B08B8CC526438BFC003069AB /* Pokedex.swift in Sources */,
			);
			runOnlyForDeploymentPostprocessing = 0;
		};
/* End PBXSourcesBuildPhase section */

/* Begin PBXVariantGroup section */
		B0D4A4622643673F00E32486 /* Main.storyboard */ = {
			isa = PBXVariantGroup;
			children = (
				B0D4A4632643673F00E32486 /* Base */,
			);
			name = Main.storyboard;
			sourceTree = "<group>";
		};
		B0D4A4672643674100E32486 /* LaunchScreen.storyboard */ = {
			isa = PBXVariantGroup;
			children = (
				B0D4A4682643674100E32486 /* Base */,
			);
			name = LaunchScreen.storyboard;
			sourceTree = "<group>";
		};
/* End PBXVariantGroup section */

/* Begin XCBuildConfiguration section */
		B0D4A46B2643674100E32486 /* Debug */ = {
			isa = XCBuildConfiguration;
			buildSettings = {
				ALWAYS_SEARCH_USER_PATHS = NO;
				CLANG_ANALYZER_NONNULL = YES;
				CLANG_ANALYZER_NUMBER_OBJECT_CONVERSION = YES_AGGRESSIVE;
				CLANG_CXX_LANGUAGE_STANDARD = "gnu++14";
				CLANG_CXX_LIBRARY = "libc++";
				CLANG_ENABLE_MODULES = YES;
				CLANG_ENABLE_OBJC_ARC = YES;
				CLANG_ENABLE_OBJC_WEAK = YES;
				CLANG_WARN_BLOCK_CAPTURE_AUTORELEASING = YES;
				CLANG_WARN_BOOL_CONVERSION = YES;
				CLANG_WARN_COMMA = YES;
				CLANG_WARN_CONSTANT_CONVERSION = YES;
				CLANG_WARN_DEPRECATED_OBJC_IMPLEMENTATIONS = YES;
				CLANG_WARN_DIRECT_OBJC_ISA_USAGE = YES_ERROR;
				CLANG_WARN_DOCUMENTATION_COMMENTS = YES;
				CLANG_WARN_EMPTY_BODY = YES;
				CLANG_WARN_ENUM_CONVERSION = YES;
				CLANG_WARN_INFINITE_RECURSION = YES;
				CLANG_WARN_INT_CONVERSION = YES;
				CLANG_WARN_NON_LITERAL_NULL_CONVERSION = YES;
				CLANG_WARN_OBJC_IMPLICIT_RETAIN_SELF = YES;
				CLANG_WARN_OBJC_LITERAL_CONVERSION = YES;
				CLANG_WARN_OBJC_ROOT_CLASS = YES_ERROR;
				CLANG_WARN_QUOTED_INCLUDE_IN_FRAMEWORK_HEADER = YES;
				CLANG_WARN_RANGE_LOOP_ANALYSIS = YES;
				CLANG_WARN_STRICT_PROTOTYPES = YES;
				CLANG_WARN_SUSPICIOUS_MOVE = YES;
				CLANG_WARN_UNGUARDED_AVAILABILITY = YES_AGGRESSIVE;
				CLANG_WARN_UNREACHABLE_CODE = YES;
				CLANG_WARN__DUPLICATE_METHOD_MATCH = YES;
				COPY_PHASE_STRIP = NO;
				DEBUG_INFORMATION_FORMAT = dwarf;
				ENABLE_STRICT_OBJC_MSGSEND = YES;
				ENABLE_TESTABILITY = YES;
				GCC_C_LANGUAGE_STANDARD = gnu11;
				GCC_DYNAMIC_NO_PIC = NO;
				GCC_NO_COMMON_BLOCKS = YES;
				GCC_OPTIMIZATION_LEVEL = 0;
				GCC_PREPROCESSOR_DEFINITIONS = (
					"DEBUG=1",
					"$(inherited)",
				);
				GCC_WARN_64_TO_32_BIT_CONVERSION = YES;
				GCC_WARN_ABOUT_RETURN_TYPE = YES_ERROR;
				GCC_WARN_UNDECLARED_SELECTOR = YES;
				GCC_WARN_UNINITIALIZED_AUTOS = YES_AGGRESSIVE;
				GCC_WARN_UNUSED_FUNCTION = YES;
				GCC_WARN_UNUSED_VARIABLE = YES;
				IPHONEOS_DEPLOYMENT_TARGET = 14.4;
				MTL_ENABLE_DEBUG_INFO = INCLUDE_SOURCE;
				MTL_FAST_MATH = YES;
				ONLY_ACTIVE_ARCH = YES;
				SDKROOT = iphoneos;
				SWIFT_ACTIVE_COMPILATION_CONDITIONS = DEBUG;
				SWIFT_OPTIMIZATION_LEVEL = "-Onone";
			};
			name = Debug;
		};
		B0D4A46C2643674100E32486 /* Release */ = {
			isa = XCBuildConfiguration;
			buildSettings = {
				ALWAYS_SEARCH_USER_PATHS = NO;
				CLANG_ANALYZER_NONNULL = YES;
				CLANG_ANALYZER_NUMBER_OBJECT_CONVERSION = YES_AGGRESSIVE;
				CLANG_CXX_LANGUAGE_STANDARD = "gnu++14";
				CLANG_CXX_LIBRARY = "libc++";
				CLANG_ENABLE_MODULES = YES;
				CLANG_ENABLE_OBJC_ARC = YES;
				CLANG_ENABLE_OBJC_WEAK = YES;
				CLANG_WARN_BLOCK_CAPTURE_AUTORELEASING = YES;
				CLANG_WARN_BOOL_CONVERSION = YES;
				CLANG_WARN_COMMA = YES;
				CLANG_WARN_CONSTANT_CONVERSION = YES;
				CLANG_WARN_DEPRECATED_OBJC_IMPLEMENTATIONS = YES;
				CLANG_WARN_DIRECT_OBJC_ISA_USAGE = YES_ERROR;
				CLANG_WARN_DOCUMENTATION_COMMENTS = YES;
				CLANG_WARN_EMPTY_BODY = YES;
				CLANG_WARN_ENUM_CONVERSION = YES;
				CLANG_WARN_INFINITE_RECURSION = YES;
				CLANG_WARN_INT_CONVERSION = YES;
				CLANG_WARN_NON_LITERAL_NULL_CONVERSION = YES;
				CLANG_WARN_OBJC_IMPLICIT_RETAIN_SELF = YES;
				CLANG_WARN_OBJC_LITERAL_CONVERSION = YES;
				CLANG_WARN_OBJC_ROOT_CLASS = YES_ERROR;
				CLANG_WARN_QUOTED_INCLUDE_IN_FRAMEWORK_HEADER = YES;
				CLANG_WARN_RANGE_LOOP_ANALYSIS = YES;
				CLANG_WARN_STRICT_PROTOTYPES = YES;
				CLANG_WARN_SUSPICIOUS_MOVE = YES;
				CLANG_WARN_UNGUARDED_AVAILABILITY = YES_AGGRESSIVE;
				CLANG_WARN_UNREACHABLE_CODE = YES;
				CLANG_WARN__DUPLICATE_METHOD_MATCH = YES;
				COPY_PHASE_STRIP = NO;
				DEBUG_INFORMATION_FORMAT = "dwarf-with-dsym";
				ENABLE_NS_ASSERTIONS = NO;
				ENABLE_STRICT_OBJC_MSGSEND = YES;
				GCC_C_LANGUAGE_STANDARD = gnu11;
				GCC_NO_COMMON_BLOCKS = YES;
				GCC_WARN_64_TO_32_BIT_CONVERSION = YES;
				GCC_WARN_ABOUT_RETURN_TYPE = YES_ERROR;
				GCC_WARN_UNDECLARED_SELECTOR = YES;
				GCC_WARN_UNINITIALIZED_AUTOS = YES_AGGRESSIVE;
				GCC_WARN_UNUSED_FUNCTION = YES;
				GCC_WARN_UNUSED_VARIABLE = YES;
				IPHONEOS_DEPLOYMENT_TARGET = 14.4;
				MTL_ENABLE_DEBUG_INFO = NO;
				MTL_FAST_MATH = YES;
				SDKROOT = iphoneos;
				SWIFT_COMPILATION_MODE = wholemodule;
				SWIFT_OPTIMIZATION_LEVEL = "-O";
				VALIDATE_PRODUCT = YES;
			};
			name = Release;
		};
		B0D4A46E2643674100E32486 /* Debug */ = {
			isa = XCBuildConfiguration;
			buildSettings = {
				ASSETCATALOG_COMPILER_APPICON_NAME = AppIcon;
				ASSETCATALOG_COMPILER_GLOBAL_ACCENT_COLOR_NAME = AccentColor;
				CODE_SIGN_STYLE = Automatic;
				DEVELOPMENT_TEAM = DLG2TN82XY;
				INFOPLIST_FILE = test9/Info.plist;
				LD_RUNPATH_SEARCH_PATHS = (
					"$(inherited)",
					"@executable_path/Frameworks",
				);
				PRODUCT_BUNDLE_IDENTIFIER = com.tecsup.test9;
				PRODUCT_NAME = "$(TARGET_NAME)";
				SWIFT_VERSION = 5.0;
				TARGETED_DEVICE_FAMILY = "1,2";
			};
			name = Debug;
		};
		B0D4A46F2643674100E32486 /* Release */ = {
			isa = XCBuildConfiguration;
			buildSettings = {
				ASSETCATALOG_COMPILER_APPICON_NAME = AppIcon;
				ASSETCATALOG_COMPILER_GLOBAL_ACCENT_COLOR_NAME = AccentColor;
				CODE_SIGN_STYLE = Automatic;
				DEVELOPMENT_TEAM = DLG2TN82XY;
				INFOPLIST_FILE = test9/Info.plist;
				LD_RUNPATH_SEARCH_PATHS = (
					"$(inherited)",
					"@executable_path/Frameworks",
				);
				PRODUCT_BUNDLE_IDENTIFIER = com.tecsup.test9;
				PRODUCT_NAME = "$(TARGET_NAME)";
				SWIFT_VERSION = 5.0;
				TARGETED_DEVICE_FAMILY = "1,2";
			};
			name = Release;
		};
/* End XCBuildConfiguration section */

/* Begin XCConfigurationList section */
		B0D4A4542643673F00E32486 /* Build configuration list for PBXProject "test9" */ = {
			isa = XCConfigurationList;
			buildConfigurations = (
				B0D4A46B2643674100E32486 /* Debug */,
				B0D4A46C2643674100E32486 /* Release */,
			);
			defaultConfigurationIsVisible = 0;
			defaultConfigurationName = Release;
		};
		B0D4A46D2643674100E32486 /* Build configuration list for PBXNativeTarget "test9" */ = {
			isa = XCConfigurationList;
			buildConfigurations = (
				B0D4A46E2643674100E32486 /* Debug */,
				B0D4A46F2643674100E32486 /* Release */,
			);
			defaultConfigurationIsVisible = 0;
			defaultConfigurationName = Release;
		};
/* End XCConfigurationList section */
	};
	rootObject = B0D4A4512643673F00E32486 /* Project object */;
}
